
Microsoft Visual Studio Solution File, Format Version 10.00
# Visual Studio 2008
Project("{FAE04EC0-301F-11D3-BF4B-00C04F79EFBC}") = "RubiksCube", "RubikCube\RubiksCube.csproj", "{A795AB3D-678A-4ABD-8571-605F69680809}"
EndProject
Project("{FAE04EC0-301F-11D3-BF4B-00C04F79EFBC}") = "XNALib", "XNALib\XNALib.csproj", "{529AFC57-0A0B-4DAA-B83D-BC0CDEA4F17F}"
EndProject
Project("{FAE04EC0-301F-11D3-BF4B-00C04F79EFBC}") = "WindowSystem", "WindowSystem0.5.1\WindowSystem\WindowSystem.csproj", "{F20853ED-0E08-4456-BBB2-A5FC806F60A7}"
EndProject
Project("{2150E333-8FDC-42A3-9474-1A3956D46DE8}") = "XNAWindow", "XNAWindow", "{D01B4096-4CA1-4B0C-9593-2DE224A47839}"
EndProject
Project("{FAE04EC0-301F-11D3-BF4B-00C04F79EFBC}") = "InputEventSystem", "WindowSystem0.5.1\InputEventSystem\InputEventSystem.csproj", "{EB30C454-C629-4B9C-B146-CB18A9F46D45}"
EndProject
Global
	GlobalSection(TeamFoundationVersionControl) = preSolution
		SccNumberOfProjects = 5
		SccEnterpriseProvider = {4CA58AB2-18FA-4F8D-95D4-32DDF27D184C}
		SccTeamFoundationServer = https://tfs09.codeplex.com/
		SccLocalPath0 = .
		SccProjectUniqueName1 = RubikCube\\RubiksCube.csproj
		SccProjectName1 = RubikCube
		SccLocalPath1 = RubikCube
		SccProjectUniqueName2 = XNALib\\XNALib.csproj
		SccProjectName2 = XNALib
		SccLocalPath2 = XNALib
		SccProjectUniqueName3 = WindowSystem0.5.1\\WindowSystem\\WindowSystem.csproj
		SccProjectTopLevelParentUniqueName3 = RubiksCube.sln
		SccProjectName3 = WindowSystem0.5.1/WindowSystem
		SccLocalPath3 = WindowSystem0.5.1\\WindowSystem
		SccProjectUniqueName4 = WindowSystem0.5.1\\InputEventSystem\\InputEventSystem.csproj
		SccProjectTopLevelParentUniqueName4 = RubiksCube.sln
		SccProjectName4 = WindowSystem0.5.1/InputEventSystem
		SccLocalPath4 = WindowSystem0.5.1\\InputEventSystem
	EndGlobalSection
	GlobalSection(SolutionConfigurationPlatforms) = preSolution
		Debug|x86 = Debug|x86
		Release|x86 = Release|x86
	EndGlobalSection
	GlobalSection(ProjectConfigurationPlatforms) = postSolution
		{A795AB3D-678A-4ABD-8571-605F69680809}.Debug|x86.ActiveCfg = Debug|x86
		{A795AB3D-678A-4ABD-8571-605F69680809}.Debug|x86.Build.0 = Debug|x86
		{A795AB3D-678A-4ABD-8571-605F69680809}.Release|x86.ActiveCfg = Release|x86
		{A795AB3D-678A-4ABD-8571-605F69680809}.Release|x86.Build.0 = Release|x86
		{529AFC57-0A0B-4DAA-B83D-BC0CDEA4F17F}.Debug|x86.ActiveCfg = Debug|x86
		{529AFC57-0A0B-4DAA-B83D-BC0CDEA4F17F}.Debug|x86.Build.0 = Debug|x86
		{529AFC57-0A0B-4DAA-B83D-BC0CDEA4F17F}.Release|x86.ActiveCfg = Release|x86
		{529AFC57-0A0B-4DAA-B83D-BC0CDEA4F17F}.Release|x86.Build.0 = Release|x86
		{F20853ED-0E08-4456-BBB2-A5FC806F60A7}.Debug|x86.ActiveCfg = Debug|x86
		{F20853ED-0E08-4456-BBB2-A5FC806F60A7}.Debug|x86.Build.0 = Debug|x86
		{F20853ED-0E08-4456-BBB2-A5FC806F60A7}.Release|x86.ActiveCfg = Release|x86
		{F20853ED-0E08-4456-BBB2-A5FC806F60A7}.Release|x86.Build.0 = Release|x86
		{EB30C454-C629-4B9C-B146-CB18A9F46D45}.Debug|x86.ActiveCfg = Debug|x86
		{EB30C454-C629-4B9C-B146-CB18A9F46D45}.Debug|x86.Build.0 = Debug|x86
		{EB30C454-C629-4B9C-B146-CB18A9F46D45}.Release|x86.ActiveCfg = Release|x86
		{EB30C454-C629-4B9C-B146-CB18A9F46D45}.Release|x86.Build.0 = Release|x86
		{1C1AAE43-92AB-4972-93EC-4D6A8A648830}.Debug|x86.ActiveCfg = Debug|x86
		{1C1AAE43-92AB-4972-93EC-4D6A8A648830}.Release|x86.ActiveCfg = Release|x86
		{A6079D41-0CE0-4121-99DA-FA9579086482}.Debug|x86.ActiveCfg = Debug|x86
		{A6079D41-0CE0-4121-99DA-FA9579086482}.Release|x86.ActiveCfg = Release|x86
		{5FF0255F-A79F-40E8-BD20-E6B47C26C9C4}.Debug|x86.ActiveCfg = Debug|x86
		{5FF0255F-A79F-40E8-BD20-E6B47C26C9C4}.Release|x86.ActiveCfg = Release|x86
		{22884F8A-8596-4AA9-92B5-B4BC49F25021}.Debug|x86.ActiveCfg = Debug|x86
		{22884F8A-8596-4AA9-92B5-B4BC49F25021}.Release|x86.ActiveCfg = Release|x86
	EndGlobalSection
	GlobalSection(SolutionProperties) = preSolution
		HideSolutionNode = FALSE
	EndGlobalSection
	GlobalSection(NestedProjects) = preSolution
		{F20853ED-0E08-4456-BBB2-A5FC806F60A7} = {D01B4096-4CA1-4B0C-9593-2DE224A47839}
		{EB30C454-C629-4B9C-B146-CB18A9F46D45} = {D01B4096-4CA1-4B0C-9593-2DE224A47839}
	EndGlobalSection
EndGlobal
