
Microsoft Visual Studio Solution File, Format Version 10.00
# Visual Studio 2008
Project("{2150E333-8FDC-42A3-9474-1A3956D46DE8}") = "Library", "Library", "{5E9C34B4-9B15-4980-AF31-300B721D24A1}"
	ProjectSection(SolutionItems) = preProject
		Library\Kit3D.dll = Library\Kit3D.dll
	EndProjectSection
EndProject
Project("{FAE04EC0-301F-11D3-BF4B-00C04F79EFBC}") = "RubiksCubeSL", "RubiksCubeSL\RubiksCubeSL.csproj", "{FE8F9800-07C3-4A40-94B9-BD10CA0D5008}"
EndProject
Project("{FAE04EC0-301F-11D3-BF4B-00C04F79EFBC}") = "RubiksCubeSL.Web", "RubiksCubeSL.Web\RubiksCubeSL.Web.csproj", "{CC2E4AD5-58D5-4C63-99CF-3BB26F75996D}"
EndProject
Project("{FAE04EC0-301F-11D3-BF4B-00C04F79EFBC}") = "Knoics.SL", "Library\knoics\Knoics.SL.csproj", "{561C3D13-F8AB-4FBF-81C1-BD6522397539}"
EndProject
Project("{F2A71F9B-5D33-465A-A702-920D77279786}") = "Knoics", "Knoics\Knoics.fsproj", "{AC1E5901-643E-4DE1-B6B9-00EC929E55C2}"
EndProject
Global
	GlobalSection(TeamFoundationVersionControl) = preSolution
		SccNumberOfProjects = 5
		SccEnterpriseProvider = {4CA58AB2-18FA-4F8D-95D4-32DDF27D184C}
		SccTeamFoundationServer = https://tfs09.codeplex.com/
		SccLocalPath0 = .
		SccProjectUniqueName1 = RubiksCubeSL\\RubiksCubeSL.csproj
		SccProjectName1 = RubiksCubeSL
		SccLocalPath1 = RubiksCubeSL
		SccProjectUniqueName2 = RubiksCubeSL.Web\\RubiksCubeSL.Web.csproj
		SccProjectName2 = RubiksCubeSL.Web
		SccLocalPath2 = RubiksCubeSL.Web
		SccProjectUniqueName3 = Library\\knoics\\Knoics.SL.csproj
		SccProjectTopLevelParentUniqueName3 = RubiksCube.sln
		SccProjectName3 = Library/knoics
		SccLocalPath3 = Library\\knoics
		SccProjectUniqueName4 = Knoics\\Knoics.fsproj
		SccProjectTopLevelParentUniqueName4 = RubiksCube.sln
		SccProjectName4 = Knoics
		SccLocalPath4 = Knoics
	EndGlobalSection
	GlobalSection(SolutionConfigurationPlatforms) = preSolution
		Debug|Any CPU = Debug|Any CPU
		Debug|Mixed Platforms = Debug|Mixed Platforms
		Debug|x86 = Debug|x86
		Release|Any CPU = Release|Any CPU
		Release|Mixed Platforms = Release|Mixed Platforms
		Release|x86 = Release|x86
	EndGlobalSection
	GlobalSection(ProjectConfigurationPlatforms) = postSolution
		{FE8F9800-07C3-4A40-94B9-BD10CA0D5008}.Debug|Any CPU.ActiveCfg = Debug|Any CPU
		{FE8F9800-07C3-4A40-94B9-BD10CA0D5008}.Debug|Any CPU.Build.0 = Debug|Any CPU
		{FE8F9800-07C3-4A40-94B9-BD10CA0D5008}.Debug|Mixed Platforms.ActiveCfg = Debug|Any CPU
		{FE8F9800-07C3-4A40-94B9-BD10CA0D5008}.Debug|Mixed Platforms.Build.0 = Debug|Any CPU
		{FE8F9800-07C3-4A40-94B9-BD10CA0D5008}.Debug|x86.ActiveCfg = Debug|Any CPU
		{FE8F9800-07C3-4A40-94B9-BD10CA0D5008}.Release|Any CPU.ActiveCfg = Release|Any CPU
		{FE8F9800-07C3-4A40-94B9-BD10CA0D5008}.Release|Any CPU.Build.0 = Release|Any CPU
		{FE8F9800-07C3-4A40-94B9-BD10CA0D5008}.Release|Mixed Platforms.ActiveCfg = Release|Any CPU
		{FE8F9800-07C3-4A40-94B9-BD10CA0D5008}.Release|Mixed Platforms.Build.0 = Release|Any CPU
		{FE8F9800-07C3-4A40-94B9-BD10CA0D5008}.Release|x86.ActiveCfg = Release|Any CPU
		{CC2E4AD5-58D5-4C63-99CF-3BB26F75996D}.Debug|Any CPU.ActiveCfg = Debug|Any CPU
		{CC2E4AD5-58D5-4C63-99CF-3BB26F75996D}.Debug|Any CPU.Build.0 = Debug|Any CPU
		{CC2E4AD5-58D5-4C63-99CF-3BB26F75996D}.Debug|Mixed Platforms.ActiveCfg = Debug|Any CPU
		{CC2E4AD5-58D5-4C63-99CF-3BB26F75996D}.Debug|Mixed Platforms.Build.0 = Debug|Any CPU
		{CC2E4AD5-58D5-4C63-99CF-3BB26F75996D}.Debug|x86.ActiveCfg = Debug|Any CPU
		{CC2E4AD5-58D5-4C63-99CF-3BB26F75996D}.Release|Any CPU.ActiveCfg = Release|Any CPU
		{CC2E4AD5-58D5-4C63-99CF-3BB26F75996D}.Release|Any CPU.Build.0 = Release|Any CPU
		{CC2E4AD5-58D5-4C63-99CF-3BB26F75996D}.Release|Mixed Platforms.ActiveCfg = Release|Any CPU
		{CC2E4AD5-58D5-4C63-99CF-3BB26F75996D}.Release|Mixed Platforms.Build.0 = Release|Any CPU
		{CC2E4AD5-58D5-4C63-99CF-3BB26F75996D}.Release|x86.ActiveCfg = Release|Any CPU
		{561C3D13-F8AB-4FBF-81C1-BD6522397539}.Debug|Any CPU.ActiveCfg = Debug|Any CPU
		{561C3D13-F8AB-4FBF-81C1-BD6522397539}.Debug|Any CPU.Build.0 = Debug|Any CPU
		{561C3D13-F8AB-4FBF-81C1-BD6522397539}.Debug|Mixed Platforms.ActiveCfg = Debug|Any CPU
		{561C3D13-F8AB-4FBF-81C1-BD6522397539}.Debug|Mixed Platforms.Build.0 = Debug|Any CPU
		{561C3D13-F8AB-4FBF-81C1-BD6522397539}.Debug|x86.ActiveCfg = Debug|Any CPU
		{561C3D13-F8AB-4FBF-81C1-BD6522397539}.Release|Any CPU.ActiveCfg = Release|Any CPU
		{561C3D13-F8AB-4FBF-81C1-BD6522397539}.Release|Any CPU.Build.0 = Release|Any CPU
		{561C3D13-F8AB-4FBF-81C1-BD6522397539}.Release|Mixed Platforms.ActiveCfg = Release|Any CPU
		{561C3D13-F8AB-4FBF-81C1-BD6522397539}.Release|Mixed Platforms.Build.0 = Release|Any CPU
		{561C3D13-F8AB-4FBF-81C1-BD6522397539}.Release|x86.ActiveCfg = Release|Any CPU
		{AC1E5901-643E-4DE1-B6B9-00EC929E55C2}.Debug|Any CPU.ActiveCfg = Debug|Any CPU
		{AC1E5901-643E-4DE1-B6B9-00EC929E55C2}.Debug|Any CPU.Build.0 = Debug|Any CPU
		{AC1E5901-643E-4DE1-B6B9-00EC929E55C2}.Debug|Mixed Platforms.ActiveCfg = Debug|Any CPU
		{AC1E5901-643E-4DE1-B6B9-00EC929E55C2}.Debug|Mixed Platforms.Build.0 = Debug|Any CPU
		{AC1E5901-643E-4DE1-B6B9-00EC929E55C2}.Debug|x86.ActiveCfg = Debug|Any CPU
		{AC1E5901-643E-4DE1-B6B9-00EC929E55C2}.Release|Any CPU.ActiveCfg = Release|Any CPU
		{AC1E5901-643E-4DE1-B6B9-00EC929E55C2}.Release|Any CPU.Build.0 = Release|Any CPU
		{AC1E5901-643E-4DE1-B6B9-00EC929E55C2}.Release|Mixed Platforms.ActiveCfg = Release|Any CPU
		{AC1E5901-643E-4DE1-B6B9-00EC929E55C2}.Release|Mixed Platforms.Build.0 = Release|Any CPU
		{AC1E5901-643E-4DE1-B6B9-00EC929E55C2}.Release|x86.ActiveCfg = Release|Any CPU
	EndGlobalSection
	GlobalSection(SolutionProperties) = preSolution
		HideSolutionNode = FALSE
	EndGlobalSection
	GlobalSection(NestedProjects) = preSolution
		{561C3D13-F8AB-4FBF-81C1-BD6522397539} = {5E9C34B4-9B15-4980-AF31-300B721D24A1}
		{AC1E5901-643E-4DE1-B6B9-00EC929E55C2} = {5E9C34B4-9B15-4980-AF31-300B721D24A1}
	EndGlobalSection
EndGlobal
